// !$*UTF8*$!
{
	archiveVersion = 1;
	classes = {};
	objectVersion = 56;
	objects = {

/* Begin PBXBuildFile section */
		2C1053DD23AE2E0A86C4A3D1 /* SupperApp.swift in Sources */ = {isa = PBXBuildFile; fileRef = CFB9E684B91480FB2721BAC7 /* SupperApp.swift */; };
		48730AB73D18A859328B17B5 /* RecipeModels.swift in Sources */ = {isa = PBXBuildFile; fileRef = 278F909B94F2FFB455B1F63D /* RecipeModels.swift */; };
		0DEF34C24D60ED6A1E8F3DC5 /* ManagedObjects.swift in Sources */ = {isa = PBXBuildFile; fileRef = CE4D2A61F08EEB04860D338D /* ManagedObjects.swift */; };
		A2984D6E8D80542C6E696427 /* PersistenceStack.swift in Sources */ = {isa = PBXBuildFile; fileRef = BED2FD34BA9C6B83FFFEBD3A /* PersistenceStack.swift */; };
		12F0211274AADF088E38CD63 /* RecipeStore.swift in Sources */ = {isa = PBXBuildFile; fileRef = 4C56B70BBAF5E25CB8039313 /* RecipeStore.swift */; };
		A1E45B18E262D9B1BE8240BB /* RecipeImportService.swift in Sources */ = {isa = PBXBuildFile; fileRef = D096D2F4030CF7C2EF3E4634 /* RecipeImportService.swift */; };
		5F092F7FD75EC779C32A1E19 /* AddRecipeView.swift in Sources */ = {isa = PBXBuildFile; fileRef = 43D0A3809485F123AB8309C7 /* AddRecipeView.swift */; };
		F121A32E2D012F016C1F81BD /* URLImportView.swift in Sources */ = {isa = PBXBuildFile; fileRef = 6F19D58096A8986B829F53A4 /* URLImportView.swift */; };
		E2B4483898103E05F2922C2D /* RecipeImage.swift in Sources */ = {isa = PBXBuildFile; fileRef = D415DE9CB3842542DE861838 /* RecipeImage.swift */; };
		BA884DD09F6D328875EC81BB /* GroceryListView.swift in Sources */ = {isa = PBXBuildFile; fileRef = C4ED9FBA7ECA0194AECFE17B /* GroceryListView.swift */; };
		11D1D2C32185EE5343271A79 /* AddIngredientsToGroceryView.swift in Sources */ = {isa = PBXBuildFile; fileRef = ECE4F31321D68BA88870E884 /* AddIngredientsToGroceryView.swift */; };
		7DC68CE86539EA3C88E590AF /* RecipeCardView.swift in Sources */ = {isa = PBXBuildFile; fileRef = 59E7FFC7D45F478E8D4D9A2A /* RecipeCardView.swift */; };
		E82EB875C1E9D36213A5818E /* RecipeDetailView.swift in Sources */ = {isa = PBXBuildFile; fileRef = DA0199CC4B245F79A06C5982 /* RecipeDetailView.swift */; };
		5C2B035512A99C42543FFDFE /* RecipeLibraryView.swift in Sources */ = {isa = PBXBuildFile; fileRef = A5447E42035632D25CD281DF /* RecipeLibraryView.swift */; };
		9ED0857FB67E54C180DB578E /* RootView.swift in Sources */ = {isa = PBXBuildFile; fileRef = C1A7A5BF2B5F571C3DC80FD1 /* RootView.swift */; };
		7E463C510F4F1EA4B56E56E9 /* Assets.xcassets in Resources */ = {isa = PBXBuildFile; fileRef = 82B552B758A231644AD5041E /* Assets.xcassets */; };
		C4524DD3A6F6CC29195C305F /* PrivacyInfo.xcprivacy in Resources */ = {isa = PBXBuildFile; fileRef = D2F0C5A912D5175EE8F2FE22 /* PrivacyInfo.xcprivacy */; };
		5BA88CBB8FFABDC8B7C466BC /* SupperStyle.swift in Sources */ = {isa = PBXBuildFile; fileRef = DF23A9E9064ABC32BA54C82A /* SupperStyle.swift */; };
		038A7F25C85420593FFDE71D /* IngredientLabel.swift in Sources */ = {isa = PBXBuildFile; fileRef = 486F41F03348B918C853230C /* IngredientLabel.swift */; };
		3C6B21D70BEDB6B30182EA7B /* IngredientPresentation.swift in Sources */ = {isa = PBXBuildFile; fileRef = 165BE5C8140C190E7B8790EA /* IngredientPresentation.swift */; };
		042CB56C95D44AAA3A8494FB /* RecipeFiltering.swift in Sources */ = {isa = PBXBuildFile; fileRef = F023738FCB66A12C305611D2 /* RecipeFiltering.swift */; };
		22ABFF6D4A2366522E5A78C3 /* RecipeTextParser.swift in Sources */ = {isa = PBXBuildFile; fileRef = C5ED5F85069DA3E16ECAC1EB /* RecipeTextParser.swift */; };
		C92E56E4591D28883DAE71DF /* GroceryMerging.swift in Sources */ = {isa = PBXBuildFile; fileRef = 8F01FEEE485952B29B8AD661 /* GroceryMerging.swift */; };
		A40437195B489CFD193A8D8C /* Quantity.swift in Sources */ = {isa = PBXBuildFile; fileRef = F64E3EE6EB0ABD7B5256FA29 /* Quantity.swift */; };
		D659130E2268364445A0A2CB /* RecipeDocumentParser.swift in Sources */ = {isa = PBXBuildFile; fileRef = 65E508CEE417B6E57BEC8D2C /* RecipeDocumentParser.swift */; };
		12D1CF96458826B49654370F /* LegacyModel.swift in Sources */ = {isa = PBXBuildFile; fileRef = DE1487D95A4A5412D1124771 /* LegacyModel.swift */; };
		5218D805704D30EDF64E139F /* HouseholdSharing.swift in Sources */ = {isa = PBXBuildFile; fileRef = F67FABA42B5B7FEC9DED9ED7 /* HouseholdSharing.swift */; };
		A3266D574B124DEEB5E298E9 /* CloudRequest.swift in Sources */ = {isa = PBXBuildFile; fileRef = A73ECEE921C42653CD36462D /* CloudRequest.swift */; };
		1D34E89C5B3132D48E065433 /* MemberIdentity.swift in Sources */ = {isa = PBXBuildFile; fileRef = BAEC0D5BE3DA5E1727B5DA9C /* MemberIdentity.swift */; };
		E83D6FDC4A615D6ADEDEB64A /* OnDeviceRecipeAssistant.swift in Sources */ = {isa = PBXBuildFile; fileRef = E6912F8543490F75131B8EDF /* OnDeviceRecipeAssistant.swift */; };
		D6146A8527F6758A01BD5A76 /* CollectionsView.swift in Sources */ = {isa = PBXBuildFile; fileRef = 27F605738E18021FC378F701 /* CollectionsView.swift */; };
		1AC275DAAFE5CE3EA7B63B24 /* HouseholdSettingsView.swift in Sources */ = {isa = PBXBuildFile; fileRef = E30B6A9D1535D088D2DB8A3A /* HouseholdSettingsView.swift */; };
		562AE1C5D8E80F67996EE0E4 /* RecipeAssistanceView.swift in Sources */ = {isa = PBXBuildFile; fileRef = 13B27DAFBFCDC5F5BB6DCFBC /* RecipeAssistanceView.swift */; };
		DD0000000000000000000004 = {isa = PBXBuildFile; fileRef = DD0000000000000000000003; };
		EF0000000000000000000001 /* RecipeFilterChips.swift in Sources */ = {isa = PBXBuildFile; fileRef = EE0000000000000000000001 /* RecipeFilterChips.swift */; };
		EF0000000000000000000002 /* RecipeContentEditors.swift in Sources */ = {isa = PBXBuildFile; fileRef = EE0000000000000000000002 /* RecipeContentEditors.swift */; };
		DA2000000000000000000001 /* RecipeDiscovery.swift in Sources */ = {isa = PBXBuildFile; fileRef = DA1000000000000000000001; };
		DA2000000000000000000002 /* RecipeDiscoveryService.swift in Sources */ = {isa = PBXBuildFile; fileRef = DA1000000000000000000002; };
		DA2000000000000000000003 /* RecipeDiscoveryView.swift in Sources */ = {isa = PBXBuildFile; fileRef = DA1000000000000000000003; };
/* End PBXBuildFile section */

/* Begin PBXFileReference section */
		A97C29AD63741CF438998CE6 /* Supper - Shared Cookbook.app */ = {isa = PBXFileReference; explicitFileType = wrapper.application; includeInIndex = 0; path = "Supper - Shared Cookbook.app"; sourceTree = BUILT_PRODUCTS_DIR; };
		188BDC112B00A615FE505EDD /* App.xcconfig */ = {isa = PBXFileReference; lastKnownFileType = text.xcconfig; path = "App.xcconfig"; sourceTree = "<group>"; };
		F3B1BC8A121BEEE1C1EEF424 /* Supper.entitlements */ = {isa = PBXFileReference; lastKnownFileType = text.plist.entitlements; path = "Supper.entitlements"; sourceTree = "<group>"; };
		CFB9E684B91480FB2721BAC7 /* SupperApp.swift */ = {isa = PBXFileReference; lastKnownFileType = sourcecode.swift; path = "SupperApp.swift"; sourceTree = "<group>"; };
		278F909B94F2FFB455B1F63D /* RecipeModels.swift */ = {isa = PBXFileReference; lastKnownFileType = sourcecode.swift; path = "RecipeModels.swift"; sourceTree = "<group>"; };
		CE4D2A61F08EEB04860D338D /* ManagedObjects.swift */ = {isa = PBXFileReference; lastKnownFileType = sourcecode.swift; path = "ManagedObjects.swift"; sourceTree = "<group>"; };
		BED2FD34BA9C6B83FFFEBD3A /* PersistenceStack.swift */ = {isa = PBXFileReference; lastKnownFileType = sourcecode.swift; path = "PersistenceStack.swift"; sourceTree = "<group>"; };
		4C56B70BBAF5E25CB8039313 /* RecipeStore.swift */ = {isa = PBXFileReference; lastKnownFileType = sourcecode.swift; path = "RecipeStore.swift"; sourceTree = "<group>"; };
		D096D2F4030CF7C2EF3E4634 /* RecipeImportService.swift */ = {isa = PBXFileReference; lastKnownFileType = sourcecode.swift; path = "RecipeImportService.swift"; sourceTree = "<group>"; };
		43D0A3809485F123AB8309C7 /* AddRecipeView.swift */ = {isa = PBXFileReference; lastKnownFileType = sourcecode.swift; path = "AddRecipeView.swift"; sourceTree = "<group>"; };
		6F19D58096A8986B829F53A4 /* URLImportView.swift */ = {isa = PBXFileReference; lastKnownFileType = sourcecode.swift; path = "URLImportView.swift"; sourceTree = "<group>"; };
		D415DE9CB3842542DE861838 /* RecipeImage.swift */ = {isa = PBXFileReference; lastKnownFileType = sourcecode.swift; path = "RecipeImage.swift"; sourceTree = "<group>"; };
		C4ED9FBA7ECA0194AECFE17B /* GroceryListView.swift */ = {isa = PBXFileReference; lastKnownFileType = sourcecode.swift; path = "GroceryListView.swift"; sourceTree = "<group>"; };
		ECE4F31321D68BA88870E884 /* AddIngredientsToGroceryView.swift */ = {isa = PBXFileReference; lastKnownFileType = sourcecode.swift; path = "AddIngredientsToGroceryView.swift"; sourceTree = "<group>"; };
		59E7FFC7D45F478E8D4D9A2A /* RecipeCardView.swift */ = {isa = PBXFileReference; lastKnownFileType = sourcecode.swift; path = "RecipeCardView.swift"; sourceTree = "<group>"; };
		DA0199CC4B245F79A06C5982 /* RecipeDetailView.swift */ = {isa = PBXFileReference; lastKnownFileType = sourcecode.swift; path = "RecipeDetailView.swift"; sourceTree = "<group>"; };
		A5447E42035632D25CD281DF /* RecipeLibraryView.swift */ = {isa = PBXFileReference; lastKnownFileType = sourcecode.swift; path = "RecipeLibraryView.swift"; sourceTree = "<group>"; };
		C1A7A5BF2B5F571C3DC80FD1 /* RootView.swift */ = {isa = PBXFileReference; lastKnownFileType = sourcecode.swift; path = "RootView.swift"; sourceTree = "<group>"; };
		82B552B758A231644AD5041E /* Assets.xcassets */ = {isa = PBXFileReference; lastKnownFileType = folder.assetcatalog; path = "Assets.xcassets"; sourceTree = "<group>"; };
		D2F0C5A912D5175EE8F2FE22 /* PrivacyInfo.xcprivacy */ = {isa = PBXFileReference; lastKnownFileType = text.xml; path = "PrivacyInfo.xcprivacy"; sourceTree = "<group>"; };
		DF23A9E9064ABC32BA54C82A /* SupperStyle.swift */ = {isa = PBXFileReference; lastKnownFileType = sourcecode.swift; path = "SupperStyle.swift"; sourceTree = "<group>"; };
		486F41F03348B918C853230C /* IngredientLabel.swift */ = {isa = PBXFileReference; lastKnownFileType = sourcecode.swift; path = "IngredientLabel.swift"; sourceTree = "<group>"; };
		165BE5C8140C190E7B8790EA /* IngredientPresentation.swift */ = {isa = PBXFileReference; lastKnownFileType = sourcecode.swift; path = "IngredientPresentation.swift"; sourceTree = "<group>"; };
		F023738FCB66A12C305611D2 /* RecipeFiltering.swift */ = {isa = PBXFileReference; lastKnownFileType = sourcecode.swift; path = "Supper/Domain/RecipeFiltering.swift"; sourceTree = SOURCE_ROOT; };
		C5ED5F85069DA3E16ECAC1EB /* RecipeTextParser.swift */ = {isa = PBXFileReference; lastKnownFileType = sourcecode.swift; path = "Supper/Domain/RecipeTextParser.swift"; sourceTree = SOURCE_ROOT; };
		8F01FEEE485952B29B8AD661 /* GroceryMerging.swift */ = {isa = PBXFileReference; lastKnownFileType = sourcecode.swift; path = "Supper/Domain/GroceryMerging.swift"; sourceTree = SOURCE_ROOT; };
		F64E3EE6EB0ABD7B5256FA29 /* Quantity.swift */ = {isa = PBXFileReference; lastKnownFileType = sourcecode.swift; path = "Supper/Domain/Quantity.swift"; sourceTree = SOURCE_ROOT; };
		65E508CEE417B6E57BEC8D2C /* RecipeDocumentParser.swift */ = {isa = PBXFileReference; lastKnownFileType = sourcecode.swift; path = "Supper/Domain/RecipeDocumentParser.swift"; sourceTree = SOURCE_ROOT; };
		DE1487D95A4A5412D1124771 /* LegacyModel.swift */ = {isa = PBXFileReference; lastKnownFileType = sourcecode.swift; path = "Supper/Persistence/LegacyModel.swift"; sourceTree = SOURCE_ROOT; };
		F67FABA42B5B7FEC9DED9ED7 /* HouseholdSharing.swift */ = {isa = PBXFileReference; lastKnownFileType = sourcecode.swift; path = "Supper/Persistence/HouseholdSharing.swift"; sourceTree = SOURCE_ROOT; };
		A73ECEE921C42653CD36462D /* CloudRequest.swift */ = {isa = PBXFileReference; lastKnownFileType = sourcecode.swift; path = "Supper/Persistence/CloudRequest.swift"; sourceTree = SOURCE_ROOT; };
		BAEC0D5BE3DA5E1727B5DA9C /* MemberIdentity.swift */ = {isa = PBXFileReference; lastKnownFileType = sourcecode.swift; path = "Supper/Persistence/MemberIdentity.swift"; sourceTree = SOURCE_ROOT; };
		E6912F8543490F75131B8EDF /* OnDeviceRecipeAssistant.swift */ = {isa = PBXFileReference; lastKnownFileType = sourcecode.swift; path = "Supper/Services/OnDeviceRecipeAssistant.swift"; sourceTree = SOURCE_ROOT; };
		27F605738E18021FC378F701 /* CollectionsView.swift */ = {isa = PBXFileReference; lastKnownFileType = sourcecode.swift; path = "Supper/UI/Recipes/CollectionsView.swift"; sourceTree = SOURCE_ROOT; };
		E30B6A9D1535D088D2DB8A3A /* HouseholdSettingsView.swift */ = {isa = PBXFileReference; lastKnownFileType = sourcecode.swift; path = "Supper/UI/Household/HouseholdSettingsView.swift"; sourceTree = SOURCE_ROOT; };
		13B27DAFBFCDC5F5BB6DCFBC /* RecipeAssistanceView.swift */ = {isa = PBXFileReference; lastKnownFileType = sourcecode.swift; path = "Supper/UI/AddRecipe/RecipeAssistanceView.swift"; sourceTree = SOURCE_ROOT; };
		DD0000000000000000000003 = {isa = PBXFileReference; lastKnownFileType = sourcecode.swift; path = Tests/UI/SupperUITests.swift; sourceTree = SOURCE_ROOT; };
		DD0000000000000000000002 = {isa = PBXFileReference; explicitFileType = wrapper.cfbundle; path = SupperUITests.xctest; sourceTree = BUILT_PRODUCTS_DIR; };
		EE0000000000000000000001 /* RecipeFilterChips.swift */ = {isa = PBXFileReference; lastKnownFileType = sourcecode.swift; path = "RecipeFilterChips.swift"; sourceTree = "<group>"; };
		EE0000000000000000000002 /* RecipeContentEditors.swift */ = {isa = PBXFileReference; lastKnownFileType = sourcecode.swift; path = "RecipeContentEditors.swift"; sourceTree = "<group>"; };
		DA1000000000000000000001 /* RecipeDiscovery.swift */ = {isa = PBXFileReference; lastKnownFileType = sourcecode.swift; path = "Supper/Domain/RecipeDiscovery.swift"; sourceTree = SOURCE_ROOT; };
		DA1000000000000000000002 /* RecipeDiscoveryService.swift */ = {isa = PBXFileReference; lastKnownFileType = sourcecode.swift; path = "Supper/Services/RecipeDiscoveryService.swift"; sourceTree = SOURCE_ROOT; };
		DA1000000000000000000003 /* RecipeDiscoveryView.swift */ = {isa = PBXFileReference; lastKnownFileType = sourcecode.swift; path = "Supper/UI/Recipes/RecipeDiscoveryView.swift"; sourceTree = SOURCE_ROOT; };
/* End PBXFileReference section */

/* Begin PBXFrameworksBuildPhase section */
		29B2D46AA747A59804D46E1F /* Frameworks */ = {isa = PBXFrameworksBuildPhase; buildActionMask = 2147483647; files = (); runOnlyForDeploymentPostprocessing = 0; };
		DD0000000000000000000006 = {isa = PBXFrameworksBuildPhase; buildActionMask = 2147483647; files = (); runOnlyForDeploymentPostprocessing = 0; };
/* End PBXFrameworksBuildPhase section */

/* Begin PBXGroup section */
		5928955287B8089ED2177128 = {isa = PBXGroup; children = (
			DD0000000000000000000003,
			BD13AA3ACFF3D0C2ED6E4720,
			E98CA76C287370E0E9D02D75,
			BF7A2D27A78D590BDEF15AF2,
		); sourceTree = "<group>"; };
		BF7A2D27A78D590BDEF15AF2 /* Products */ = {isa = PBXGroup; children = (DD0000000000000000000002,A97C29AD63741CF438998CE6 /* Supper - Shared Cookbook.app */,); name = Products; sourceTree = "<group>"; };
		BD13AA3ACFF3D0C2ED6E4720 /* Config */ = {isa = PBXGroup; children = (188BDC112B00A615FE505EDD /* App.xcconfig */,); path = Config; sourceTree = "<group>"; };
		E98CA76C287370E0E9D02D75 /* Supper */ = {isa = PBXGroup; children = (
			DA1000000000000000000003,
			DA1000000000000000000002,
			DA1000000000000000000001,
			13B27DAFBFCDC5F5BB6DCFBC /* RecipeAssistanceView.swift */,
			E30B6A9D1535D088D2DB8A3A /* HouseholdSettingsView.swift */,
			27F605738E18021FC378F701 /* CollectionsView.swift */,
			E6912F8543490F75131B8EDF /* OnDeviceRecipeAssistant.swift */,
			BAEC0D5BE3DA5E1727B5DA9C /* MemberIdentity.swift */,
			A73ECEE921C42653CD36462D /* CloudRequest.swift */,
			F67FABA42B5B7FEC9DED9ED7 /* HouseholdSharing.swift */,
			DE1487D95A4A5412D1124771 /* LegacyModel.swift */,
			65E508CEE417B6E57BEC8D2C /* RecipeDocumentParser.swift */,
			F64E3EE6EB0ABD7B5256FA29 /* Quantity.swift */,
			8F01FEEE485952B29B8AD661 /* GroceryMerging.swift */,
			C5ED5F85069DA3E16ECAC1EB /* RecipeTextParser.swift */,
			F023738FCB66A12C305611D2 /* RecipeFiltering.swift */,
			730944E932DDB73B32056A84,
			643F3660CDDD6234FB22E967,
			602018063E8DC056314582EB,
			2A3B45EA80143EA25B7E57F2,
			33BC268EB7DF722A94650F08,
			82B552B758A231644AD5041E,
			D2F0C5A912D5175EE8F2FE22,
			F3B1BC8A121BEEE1C1EEF424,
		); path = Supper; sourceTree = "<group>"; };
		730944E932DDB73B32056A84 /* App */ = {isa = PBXGroup; children = (
			CFB9E684B91480FB2721BAC7,
		); path = App; sourceTree = "<group>"; };
		643F3660CDDD6234FB22E967 /* Domain */ = {isa = PBXGroup; children = (
			165BE5C8140C190E7B8790EA,
			278F909B94F2FFB455B1F63D,
		); path = Domain; sourceTree = "<group>"; };
		602018063E8DC056314582EB /* Persistence */ = {isa = PBXGroup; children = (
			CE4D2A61F08EEB04860D338D,
			BED2FD34BA9C6B83FFFEBD3A,
			4C56B70BBAF5E25CB8039313,
		); path = Persistence; sourceTree = "<group>"; };
		2A3B45EA80143EA25B7E57F2 /* Services */ = {isa = PBXGroup; children = (
			D096D2F4030CF7C2EF3E4634,
		); path = Services; sourceTree = "<group>"; };
		33BC268EB7DF722A94650F08 /* UI */ = {isa = PBXGroup; children = (
			C1A7A5BF2B5F571C3DC80FD1,
			178B2F8D4EFB6F084D278DFB,
			89369CBEFFFF5DB3519F7B14,
			80E6FAB9026D3AD3B7D582D3,
			ED364176CFF719DA21C644ED,
		); path = UI; sourceTree = "<group>"; };
		178B2F8D4EFB6F084D278DFB /* Components */ = {isa = PBXGroup; children = (
			486F41F03348B918C853230C,
			DF23A9E9064ABC32BA54C82A,
			D415DE9CB3842542DE861838,
		); path = Components; sourceTree = "<group>"; };
		89369CBEFFFF5DB3519F7B14 /* Recipes */ = {isa = PBXGroup; children = (
			EE0000000000000000000001 /* RecipeFilterChips.swift */,
			ECE4F31321D68BA88870E884,
			59E7FFC7D45F478E8D4D9A2A,
			DA0199CC4B245F79A06C5982,
			A5447E42035632D25CD281DF,
		); path = Recipes; sourceTree = "<group>"; };
		80E6FAB9026D3AD3B7D582D3 /* Grocery */ = {isa = PBXGroup; children = (
			C4ED9FBA7ECA0194AECFE17B,
		); path = Grocery; sourceTree = "<group>"; };
		ED364176CFF719DA21C644ED /* AddRecipe */ = {isa = PBXGroup; children = (
			EE0000000000000000000002 /* RecipeContentEditors.swift */,
			43D0A3809485F123AB8309C7,
			6F19D58096A8986B829F53A4,
		); path = AddRecipe; sourceTree = "<group>"; };
/* End PBXGroup section */

/* Begin PBXContainerItemProxy section */
		DD000000000000000000000B = {isa = PBXContainerItemProxy; containerPortal = 46F86FAA6BBF9AC94A7E4595; proxyType = 1; remoteGlobalIDString = 42AEFBAE01D2DFD981F7DA7D; remoteInfo = Supper; };
/* End PBXContainerItemProxy section */
/* Begin PBXTargetDependency section */
		DD000000000000000000000C = {isa = PBXTargetDependency; target = 42AEFBAE01D2DFD981F7DA7D; targetProxy = DD000000000000000000000B; };
/* End PBXTargetDependency section */
/* Begin PBXNativeTarget section */
		42AEFBAE01D2DFD981F7DA7D /* Supper */ = {isa = PBXNativeTarget; buildConfigurationList = F707ED8CFBC457F7F618ECA6; buildPhases = (E7209FB05162B7572F88D05E, 29B2D46AA747A59804D46E1F, 66F8606E9F0A136E2228EBCB); buildRules = (); dependencies = (); name = Supper; productName = Supper; productReference = A97C29AD63741CF438998CE6 /* Supper - Shared Cookbook.app */; productType = "com.apple.product-type.application"; };
		DD0000000000000000000001 /* SupperUITests */ = {isa = PBXNativeTarget; buildConfigurationList = DD0000000000000000000008; buildPhases = (DD0000000000000000000005, DD0000000000000000000006, DD0000000000000000000007); buildRules = (); dependencies = (DD000000000000000000000C); name = SupperUITests; productName = SupperUITests; productReference = DD0000000000000000000002; productType = "com.apple.product-type.bundle.ui-testing"; };
/* End PBXNativeTarget section */

/* Begin PBXProject section */
		46F86FAA6BBF9AC94A7E4595 /* Project object */ = {isa = PBXProject; attributes = {BuildIndependentTargetsInParallel = 1; LastSwiftUpdateCheck = 2700; LastUpgradeCheck = 2700; TargetAttributes = {42AEFBAE01D2DFD981F7DA7D = {CreatedOnToolsVersion = 27.0; }; }; }; buildConfigurationList = CB7CBE0C3B42E7D081FECC31; compatibilityVersion = "Xcode 14.0"; developmentRegion = en; hasScannedForEncodings = 0; knownRegions = (en, Base); mainGroup = 5928955287B8089ED2177128; productRefGroup = BF7A2D27A78D590BDEF15AF2; projectDirPath = ""; projectRoot = ""; targets = (42AEFBAE01D2DFD981F7DA7D, DD0000000000000000000001); };
/* End PBXProject section */

/* Begin PBXResourcesBuildPhase section */
		66F8606E9F0A136E2228EBCB /* Resources */ = {isa = PBXResourcesBuildPhase; buildActionMask = 2147483647; files = (
			7E463C510F4F1EA4B56E56E9 /* Assets.xcassets in Resources */,
			C4524DD3A6F6CC29195C305F /* PrivacyInfo.xcprivacy in Resources */,
		); runOnlyForDeploymentPostprocessing = 0; };
		DD0000000000000000000007 = {isa = PBXResourcesBuildPhase; buildActionMask = 2147483647; files = (); runOnlyForDeploymentPostprocessing = 0; };
/* End PBXResourcesBuildPhase section */

/* Begin PBXSourcesBuildPhase section */
		E7209FB05162B7572F88D05E /* Sources */ = {isa = PBXSourcesBuildPhase; buildActionMask = 2147483647; files = (
			DA2000000000000000000003,
			DA2000000000000000000002,
			DA2000000000000000000001,
			EF0000000000000000000002 /* RecipeContentEditors.swift in Sources */,
			EF0000000000000000000001 /* RecipeFilterChips.swift in Sources */,
			562AE1C5D8E80F67996EE0E4 /* RecipeAssistanceView.swift in Sources */,
			1AC275DAAFE5CE3EA7B63B24 /* HouseholdSettingsView.swift in Sources */,
			D6146A8527F6758A01BD5A76 /* CollectionsView.swift in Sources */,
			E83D6FDC4A615D6ADEDEB64A /* OnDeviceRecipeAssistant.swift in Sources */,
			1D34E89C5B3132D48E065433 /* MemberIdentity.swift in Sources */,
			A3266D574B124DEEB5E298E9 /* CloudRequest.swift in Sources */,
			5218D805704D30EDF64E139F /* HouseholdSharing.swift in Sources */,
			12D1CF96458826B49654370F /* LegacyModel.swift in Sources */,
			D659130E2268364445A0A2CB /* RecipeDocumentParser.swift in Sources */,
			A40437195B489CFD193A8D8C /* Quantity.swift in Sources */,
			C92E56E4591D28883DAE71DF /* GroceryMerging.swift in Sources */,
			22ABFF6D4A2366522E5A78C3 /* RecipeTextParser.swift in Sources */,
			042CB56C95D44AAA3A8494FB /* RecipeFiltering.swift in Sources */,
			3C6B21D70BEDB6B30182EA7B /* IngredientPresentation.swift in Sources */,
			038A7F25C85420593FFDE71D /* IngredientLabel.swift in Sources */,
			5BA88CBB8FFABDC8B7C466BC /* SupperStyle.swift in Sources */,
			2C1053DD23AE2E0A86C4A3D1 /* SupperApp.swift in Sources */,
			48730AB73D18A859328B17B5 /* RecipeModels.swift in Sources */,
			0DEF34C24D60ED6A1E8F3DC5 /* ManagedObjects.swift in Sources */,
			A2984D6E8D80542C6E696427 /* PersistenceStack.swift in Sources */,
			12F0211274AADF088E38CD63 /* RecipeStore.swift in Sources */,
			A1E45B18E262D9B1BE8240BB /* RecipeImportService.swift in Sources */,
			5F092F7FD75EC779C32A1E19 /* AddRecipeView.swift in Sources */,
			F121A32E2D012F016C1F81BD /* URLImportView.swift in Sources */,
			E2B4483898103E05F2922C2D /* RecipeImage.swift in Sources */,
			BA884DD09F6D328875EC81BB /* GroceryListView.swift in Sources */,
			11D1D2C32185EE5343271A79 /* AddIngredientsToGroceryView.swift in Sources */,
			7DC68CE86539EA3C88E590AF /* RecipeCardView.swift in Sources */,
			E82EB875C1E9D36213A5818E /* RecipeDetailView.swift in Sources */,
			5C2B035512A99C42543FFDFE /* RecipeLibraryView.swift in Sources */,
			9ED0857FB67E54C180DB578E /* RootView.swift in Sources */,
		); runOnlyForDeploymentPostprocessing = 0; };
		DD0000000000000000000005 = {isa = PBXSourcesBuildPhase; buildActionMask = 2147483647; files = (DD0000000000000000000004); runOnlyForDeploymentPostprocessing = 0; };
/* End PBXSourcesBuildPhase section */

/* Begin XCBuildConfiguration section */
		EC86DC4F4B4C60C3EC031655 /* Debug */ = {isa = XCBuildConfiguration; buildSettings = {CLANG_ENABLE_MODULES = YES; CLANG_ENABLE_OBJC_ARC = YES; ENABLE_STRICT_OBJC_MSGSEND = YES; SDKROOT = iphoneos; IPHONEOS_DEPLOYMENT_TARGET = 18.0; SWIFT_VERSION = 5.0; GCC_C_LANGUAGE_STANDARD = gnu17; ENABLE_USER_SCRIPT_SANDBOXING = YES; DEBUG_INFORMATION_FORMAT = dwarf; SWIFT_OPTIMIZATION_LEVEL = "-Onone"; ENABLE_TESTABILITY = YES; SWIFT_ACTIVE_COMPILATION_CONDITIONS = DEBUG; }; name = Debug; };
		7BF40F069D95C38DE60AA602 /* Release */ = {isa = XCBuildConfiguration; buildSettings = {CLANG_ENABLE_MODULES = YES; CLANG_ENABLE_OBJC_ARC = YES; ENABLE_STRICT_OBJC_MSGSEND = YES; SDKROOT = iphoneos; IPHONEOS_DEPLOYMENT_TARGET = 18.0; SWIFT_VERSION = 5.0; GCC_C_LANGUAGE_STANDARD = gnu17; ENABLE_USER_SCRIPT_SANDBOXING = YES; DEBUG_INFORMATION_FORMAT = "dwarf-with-dsym"; SWIFT_OPTIMIZATION_LEVEL = "-O"; ENABLE_TESTABILITY = NO; }; name = Release; };
		3E4BDE2A330E14EAA31A5A18 /* Debug */ = {isa = XCBuildConfiguration; baseConfigurationReference = 188BDC112B00A615FE505EDD; buildSettings = {ASSETCATALOG_COMPILER_APPICON_NAME = AppIcon; ASSETCATALOG_COMPILER_GLOBAL_ACCENT_COLOR_NAME = AccentColor; CODE_SIGN_ENTITLEMENTS = Supper/Supper.entitlements; CURRENT_PROJECT_VERSION = 1; ENABLE_PREVIEWS = YES; GENERATE_INFOPLIST_FILE = YES; INFOPLIST_KEY_CFBundleDisplayName = Supper; INFOPLIST_KEY_CloudKitContainerIdentifier = "$(CLOUDKIT_CONTAINER_IDENTIFIER)"; INFOPLIST_KEY_LSApplicationCategoryType = "public.app-category.food-and-drink"; INFOPLIST_KEY_UILaunchScreen_Generation = YES; INFOPLIST_KEY_UIApplicationSupportsIndirectInputEvents = YES; LD_RUNPATH_SEARCH_PATHS = "$(inherited) @executable_path/Frameworks"; MARKETING_VERSION = 0.1.0; PRODUCT_NAME = "Supper - Shared Cookbook"; SUPPORTED_PLATFORMS = "iphoneos iphonesimulator"; SUPPORTS_MACCATALYST = NO; SWIFT_EMIT_LOC_STRINGS = YES; TARGETED_DEVICE_FAMILY = "1,2";}; name = Debug; };
		FBE5CC35BA76CB71C31E843C /* Release */ = {isa = XCBuildConfiguration; baseConfigurationReference = 188BDC112B00A615FE505EDD; buildSettings = {ASSETCATALOG_COMPILER_APPICON_NAME = AppIcon; ASSETCATALOG_COMPILER_GLOBAL_ACCENT_COLOR_NAME = AccentColor; CODE_SIGN_ENTITLEMENTS = Supper/Supper.entitlements; CURRENT_PROJECT_VERSION = 1; ENABLE_PREVIEWS = YES; GENERATE_INFOPLIST_FILE = YES; INFOPLIST_KEY_CFBundleDisplayName = Supper; INFOPLIST_KEY_CloudKitContainerIdentifier = "$(CLOUDKIT_CONTAINER_IDENTIFIER)"; INFOPLIST_KEY_LSApplicationCategoryType = "public.app-category.food-and-drink"; INFOPLIST_KEY_UILaunchScreen_Generation = YES; INFOPLIST_KEY_UIApplicationSupportsIndirectInputEvents = YES; LD_RUNPATH_SEARCH_PATHS = "$(inherited) @executable_path/Frameworks"; MARKETING_VERSION = 0.1.0; PRODUCT_NAME = "Supper - Shared Cookbook"; SUPPORTED_PLATFORMS = "iphoneos iphonesimulator"; SUPPORTS_MACCATALYST = NO; SWIFT_EMIT_LOC_STRINGS = YES; TARGETED_DEVICE_FAMILY = "1,2";}; name = Release; };
		DD0000000000000000000009 = {isa = XCBuildConfiguration; buildSettings = {CODE_SIGN_STYLE = Automatic; GENERATE_INFOPLIST_FILE = YES; IPHONEOS_DEPLOYMENT_TARGET = 18.0; PRODUCT_BUNDLE_IDENTIFIER = com.blazegreenhalgh.Supper.UITests; PRODUCT_NAME = "$(TARGET_NAME)"; SDKROOT = iphoneos; SWIFT_VERSION = 5.0; TARGETED_DEVICE_FAMILY = "1,2"; TEST_TARGET_NAME = Supper;}; name = Debug; };
		DD000000000000000000000A = {isa = XCBuildConfiguration; buildSettings = {CODE_SIGN_STYLE = Automatic; GENERATE_INFOPLIST_FILE = YES; IPHONEOS_DEPLOYMENT_TARGET = 18.0; PRODUCT_BUNDLE_IDENTIFIER = com.blazegreenhalgh.Supper.UITests; PRODUCT_NAME = "$(TARGET_NAME)"; SDKROOT = iphoneos; SWIFT_VERSION = 5.0; TARGETED_DEVICE_FAMILY = "1,2"; TEST_TARGET_NAME = Supper;}; name = Release; };
/* End XCBuildConfiguration section */

/* Begin XCConfigurationList section */
		CB7CBE0C3B42E7D081FECC31 /* Build configuration list for PBXProject */ = {isa = XCConfigurationList; buildConfigurations = (EC86DC4F4B4C60C3EC031655, 7BF40F069D95C38DE60AA602); defaultConfigurationIsVisible = 0; defaultConfigurationName = Release; };
		F707ED8CFBC457F7F618ECA6 /* Build configuration list for PBXNativeTarget */ = {isa = XCConfigurationList; buildConfigurations = (3E4BDE2A330E14EAA31A5A18, FBE5CC35BA76CB71C31E843C); defaultConfigurationIsVisible = 0; defaultConfigurationName = Release; };
		DD0000000000000000000008 = {isa = XCConfigurationList; buildConfigurations = (DD0000000000000000000009, DD000000000000000000000A); defaultConfigurationIsVisible = 0; defaultConfigurationName = Release; };
/* End XCConfigurationList section */
	};
	rootObject = 46F86FAA6BBF9AC94A7E4595 /* Project object */;
}
